{
  "name": "LastBite",
  "lockfileVersion": 3,
  "requires": true,
  "packages": {
    "": {
      "dependencies": {
        "deep-email-validator": "^0.1.27",
        "node-cron": "^4.2.1",
        "nodemailer": "^8.0.7"
      }
    },
    "node_modules/deep-email-validator": {
      "version": "0.1.27",
      "resolved": "https://registry.npmjs.org/deep-email-validator/-/deep-email-validator-0.1.27.tgz",
      "integrity": "sha512-c5byUHycJHIdno+EZpnPAxHaq1NLGf/W5Trrd5ihF7wWAaWyPKYDXW9afQP5XiVhQeGiV9kKEUlVnbksMSQ20Q==",
      "license": "MIT",
      "dependencies": {
        "disposable-email-domains": "^1.0.62",
        "mailcheck": "^1.1.1"
      },
      "engines": {
        "node": ">=20"
      }
    },
    "node_modules/disposable-email-domains": {
      "version": "1.0.62",
      "resolved": "https://registry.npmjs.org/disposable-email-domains/-/disposable-email-domains-1.0.62.tgz",
      "integrity": "sha512-LBQvhRw7mznQTPoyZbsmYeNOZt1pN5aCsx4BAU/3siVFuiM9f2oyKzUaB8v1jbxFjE3aYqYiMo63kAL4pHgfWQ==",
      "license": "MIT"
    },
    "node_modules/mailcheck": {
      "version": "1.1.1",
      "resolved": "https://registry.npmjs.org/mailcheck/-/mailcheck-1.1.1.tgz",
      "integrity": "sha512-3WjL8+ZDouZwKlyJBMp/4LeziLFXgleOdsYu87piGcMLqhBzCsy2QFdbtAwv757TFC/rtqd738fgJw1tFQCSgA=="
    },
    "node_modules/node-cron": {
      "version": "4.2.1",
      "resolved": "https://registry.npmjs.org/node-cron/-/node-cron-4.2.1.tgz",
      "integrity": "sha512-lgimEHPE/QDgFlywTd8yTR61ptugX3Qer29efeyWw2rv259HtGBNn1vZVmp8lB9uo9wC0t/AT4iGqXxia+CJFg==",
      "license": "ISC",
      "engines": {
        "node": ">=6.0.0"
      }
    },
    "node_modules/nodemailer": {
      "version": "8.0.7",
      "resolved": "https://registry.npmjs.org/nodemailer/-/nodemailer-8.0.7.tgz",
      "integrity": "sha512-pkjE4mkBzQjdJT4/UmlKl3pX0rC9fZmjh7c6C9o7lv66Ac6w9WCnzPzhbPNxwZAzlF4mdq4CSWB5+FbK6FWCow==",
      "license": "MIT-0",
      "engines": {
        "node": ">=6.0.0"
      }
    }
  }
}
